
Microsoft Visual Studio Solution File, Format Version 12.00
# Visual Studio Version 17
VisualStudioVersion = 17.2.32519.379
MinimumVisualStudioVersion = 10.0.40219.1
Project("{FAE04EC0-301F-11D3-BF4B-00C04F79EFBC}") = "MyApiNetCore6", "MyApiNetCore6\MyApiNetCore6.csproj", "{8DC68001-85AF-417B-923F-86EB48C2C6B8}"
EndProject
Global
	GlobalSection(SolutionConfigurationPlatforms) = preSolution
		Debug|Any CPU = Debug|Any CPU
		Release|Any CPU = Release|Any CPU
	EndGlobalSection
	GlobalSection(ProjectConfigurationPlatforms) = postSolution
		{8DC68001-85AF-417B-923F-86EB48C2C6B8}.Debug|Any CPU.ActiveCfg = Debug|Any CPU
		{8DC68001-85AF-417B-923F-86EB48C2C6B8}.Debug|Any CPU.Build.0 = Debug|Any CPU
		{8DC68001-85AF-417B-923F-86EB48C2C6B8}.Release|Any CPU.ActiveCfg = Release|Any CPU
		{8DC68001-85AF-417B-923F-86EB48C2C6B8}.Release|Any CPU.Build.0 = Release|Any CPU
	EndGlobalSection
	GlobalSection(SolutionProperties) = preSolution
		HideSolutionNode = FALSE
	EndGlobalSection
	GlobalSection(ExtensibilityGlobals) = postSolution
		SolutionGuid = {7097162E-D204-4805-AAA0-9FCBB4A04B64}
	EndGlobalSection
EndGlobal
